
Microsoft Visual Studio Solution File, Format Version 12.00
# Visual Studio 2013
VisualStudioVersion = 12.0.31101.0
MinimumVisualStudioVersion = 10.0.40219.1
Project("{FAE04EC0-301F-11D3-BF4B-00C04F79EFBC}") = "zad_2_-_Fluent_NHibernate", "zad_2\zad_2_-_Fluent_NHibernate.csproj", "{74CE30A6-169D-489B-AAC6-91063DBAA2E1}"
EndProject
Project("{FAE04EC0-301F-11D3-BF4B-00C04F79EFBC}") = "zad_3", "zad_3_-_bis\zad_3.csproj", "{E114FCE9-2F24-4291-A0F0-969909DECBD8}"
EndProject
Project("{2150E333-8FDC-42A3-9474-1A3956D46DE8}") = "Fluent NHibernate - relacje", "Fluent NHibernate - relacje", "{8D1CBF30-1E9B-45AD-941E-18AB1116D557}"
EndProject
Project("{FAE04EC0-301F-11D3-BF4B-00C04F79EFBC}") = "ManyToOne", "ManyToOne\ManyToOne.csproj", "{7CA567D9-F248-4D83-8BBF-3CEFEF9B4148}"
EndProject
Project("{2150E333-8FDC-42A3-9474-1A3956D46DE8}") = "MVC WCF CRUD", "MVC WCF CRUD", "{60AA102E-C62A-4D67-8540-BA756B7B17FB}"
EndProject
Project("{FAE04EC0-301F-11D3-BF4B-00C04F79EFBC}") = "MODEL", "MODEL\MODEL.csproj", "{D3A7D3F6-72B5-4A35-BCE3-6FF194CA2A79}"
EndProject
Project("{FAE04EC0-301F-11D3-BF4B-00C04F79EFBC}") = "SERVICES", "SERVICE\SERVICES.csproj", "{49723866-6D66-4F52-9CC7-2DC2C8067D39}"
EndProject
Project("{FAE04EC0-301F-11D3-BF4B-00C04F79EFBC}") = "UI.Web", "UI.Web\UI.Web.csproj", "{36060E1F-95E9-4B92-BF24-E46BD7ECB8B1}"
EndProject
Project("{FAE04EC0-301F-11D3-BF4B-00C04F79EFBC}") = "ManyToMany", "ManyToMany\ManyToMany.csproj", "{AA5DF22C-694A-4901-A1F2-103A584D8BAD}"
EndProject
Project("{FAE04EC0-301F-11D3-BF4B-00C04F79EFBC}") = "OneToOne(2)", "OneToOne(bis)\OneToOne(2).csproj", "{95B75AED-F0D1-4876-9A83-4E22B8D9521D}"
EndProject
Project("{FAE04EC0-301F-11D3-BF4B-00C04F79EFBC}") = "OneToOne(3)", "OneToOne(3)\OneToOne(3).csproj", "{5BCD423A-B869-44AA-B8AB-D8EB5855A7FF}"
EndProject
Project("{2150E333-8FDC-42A3-9474-1A3956D46DE8}") = "Dla JPing", "Dla JPing", "{A1F17717-20D1-412B-8BF5-8578B67639FF}"
EndProject
Project("{FAE04EC0-301F-11D3-BF4B-00C04F79EFBC}") = "LayerModel", "LayerModel\LayerModel.csproj", "{BDF9C9B4-460C-4CBC-99C6-AA2DDBA17B1D}"
EndProject
Project("{FAE04EC0-301F-11D3-BF4B-00C04F79EFBC}") = "Quartz", "Quartz\Quartz.csproj", "{C649E2CA-13D6-44F6-B340-9D2ACAEE9A62}"
EndProject
Project("{FAE04EC0-301F-11D3-BF4B-00C04F79EFBC}") = "Enu", "Enu\Enu.csproj", "{41CFF4EB-F52C-4716-BF6E-852EBD7748E8}"
EndProject
Project("{FAE04EC0-301F-11D3-BF4B-00C04F79EFBC}") = "WcfService", "WcfService1\WcfService.csproj", "{47E49B86-8A10-468B-9027-54FCD8C566DE}"
EndProject
Project("{FAE04EC0-301F-11D3-BF4B-00C04F79EFBC}") = "UI.WebWCFClient", "UI.WCF\UI.WebWCFClient.csproj", "{F74B7A78-0AB4-4006-B642-AF75359CE6C4}"
	ProjectSection(ProjectDependencies) = postProject
		{47E49B86-8A10-468B-9027-54FCD8C566DE} = {47E49B86-8A10-468B-9027-54FCD8C566DE}
	EndProjectSection
EndProject
Project("{2150E333-8FDC-42A3-9474-1A3956D46DE8}") = "WCF", "WCF", "{8C7707A1-8A02-443D-8A21-E05457144F68}"
EndProject
Project("{FAE04EC0-301F-11D3-BF4B-00C04F79EFBC}") = "WCFService", "WCFService\WCFService.csproj", "{E7581C0E-12DB-4E09-8A74-28F71C2F6F47}"
EndProject
Project("{FAE04EC0-301F-11D3-BF4B-00C04F79EFBC}") = "UI.Client", "UI.Client\UI.Client.csproj", "{DF34035A-3217-405B-B92E-D9E2A2A76C9F}"
	ProjectSection(ProjectDependencies) = postProject
		{E7581C0E-12DB-4E09-8A74-28F71C2F6F47} = {E7581C0E-12DB-4E09-8A74-28F71C2F6F47}
		{6CC9514B-84FB-4FC3-8F49-74464C7D04D7} = {6CC9514B-84FB-4FC3-8F49-74464C7D04D7}
	EndProjectSection
EndProject
Project("{FAE04EC0-301F-11D3-BF4B-00C04F79EFBC}") = "WCFHost", "WCFHost\WCFHost.csproj", "{6CC9514B-84FB-4FC3-8F49-74464C7D04D7}"
EndProject
Global
	GlobalSection(SolutionConfigurationPlatforms) = preSolution
		Debug|Any CPU = Debug|Any CPU
		Release|Any CPU = Release|Any CPU
	EndGlobalSection
	GlobalSection(ProjectConfigurationPlatforms) = postSolution
		{74CE30A6-169D-489B-AAC6-91063DBAA2E1}.Debug|Any CPU.ActiveCfg = Debug|Any CPU
		{74CE30A6-169D-489B-AAC6-91063DBAA2E1}.Debug|Any CPU.Build.0 = Debug|Any CPU
		{74CE30A6-169D-489B-AAC6-91063DBAA2E1}.Release|Any CPU.ActiveCfg = Release|Any CPU
		{74CE30A6-169D-489B-AAC6-91063DBAA2E1}.Release|Any CPU.Build.0 = Release|Any CPU
		{E114FCE9-2F24-4291-A0F0-969909DECBD8}.Debug|Any CPU.ActiveCfg = Debug|Any CPU
		{E114FCE9-2F24-4291-A0F0-969909DECBD8}.Debug|Any CPU.Build.0 = Debug|Any CPU
		{E114FCE9-2F24-4291-A0F0-969909DECBD8}.Release|Any CPU.ActiveCfg = Release|Any CPU
		{E114FCE9-2F24-4291-A0F0-969909DECBD8}.Release|Any CPU.Build.0 = Release|Any CPU
		{7CA567D9-F248-4D83-8BBF-3CEFEF9B4148}.Debug|Any CPU.ActiveCfg = Debug|Any CPU
		{7CA567D9-F248-4D83-8BBF-3CEFEF9B4148}.Debug|Any CPU.Build.0 = Debug|Any CPU
		{7CA567D9-F248-4D83-8BBF-3CEFEF9B4148}.Release|Any CPU.ActiveCfg = Release|Any CPU
		{7CA567D9-F248-4D83-8BBF-3CEFEF9B4148}.Release|Any CPU.Build.0 = Release|Any CPU
		{D3A7D3F6-72B5-4A35-BCE3-6FF194CA2A79}.Debug|Any CPU.ActiveCfg = Debug|Any CPU
		{D3A7D3F6-72B5-4A35-BCE3-6FF194CA2A79}.Debug|Any CPU.Build.0 = Debug|Any CPU
		{D3A7D3F6-72B5-4A35-BCE3-6FF194CA2A79}.Release|Any CPU.ActiveCfg = Release|Any CPU
		{D3A7D3F6-72B5-4A35-BCE3-6FF194CA2A79}.Release|Any CPU.Build.0 = Release|Any CPU
		{49723866-6D66-4F52-9CC7-2DC2C8067D39}.Debug|Any CPU.ActiveCfg = Debug|Any CPU
		{49723866-6D66-4F52-9CC7-2DC2C8067D39}.Debug|Any CPU.Build.0 = Debug|Any CPU
		{49723866-6D66-4F52-9CC7-2DC2C8067D39}.Release|Any CPU.ActiveCfg = Release|Any CPU
		{49723866-6D66-4F52-9CC7-2DC2C8067D39}.Release|Any CPU.Build.0 = Release|Any CPU
		{36060E1F-95E9-4B92-BF24-E46BD7ECB8B1}.Debug|Any CPU.ActiveCfg = Debug|Any CPU
		{36060E1F-95E9-4B92-BF24-E46BD7ECB8B1}.Debug|Any CPU.Build.0 = Debug|Any CPU
		{36060E1F-95E9-4B92-BF24-E46BD7ECB8B1}.Release|Any CPU.ActiveCfg = Release|Any CPU
		{36060E1F-95E9-4B92-BF24-E46BD7ECB8B1}.Release|Any CPU.Build.0 = Release|Any CPU
		{AA5DF22C-694A-4901-A1F2-103A584D8BAD}.Debug|Any CPU.ActiveCfg = Debug|Any CPU
		{AA5DF22C-694A-4901-A1F2-103A584D8BAD}.Debug|Any CPU.Build.0 = Debug|Any CPU
		{AA5DF22C-694A-4901-A1F2-103A584D8BAD}.Release|Any CPU.ActiveCfg = Release|Any CPU
		{AA5DF22C-694A-4901-A1F2-103A584D8BAD}.Release|Any CPU.Build.0 = Release|Any CPU
		{95B75AED-F0D1-4876-9A83-4E22B8D9521D}.Debug|Any CPU.ActiveCfg = Debug|Any CPU
		{95B75AED-F0D1-4876-9A83-4E22B8D9521D}.Debug|Any CPU.Build.0 = Debug|Any CPU
		{95B75AED-F0D1-4876-9A83-4E22B8D9521D}.Release|Any CPU.ActiveCfg = Release|Any CPU
		{95B75AED-F0D1-4876-9A83-4E22B8D9521D}.Release|Any CPU.Build.0 = Release|Any CPU
		{5BCD423A-B869-44AA-B8AB-D8EB5855A7FF}.Debug|Any CPU.ActiveCfg = Debug|Any CPU
		{5BCD423A-B869-44AA-B8AB-D8EB5855A7FF}.Debug|Any CPU.Build.0 = Debug|Any CPU
		{5BCD423A-B869-44AA-B8AB-D8EB5855A7FF}.Release|Any CPU.ActiveCfg = Release|Any CPU
		{5BCD423A-B869-44AA-B8AB-D8EB5855A7FF}.Release|Any CPU.Build.0 = Release|Any CPU
		{BDF9C9B4-460C-4CBC-99C6-AA2DDBA17B1D}.Debug|Any CPU.ActiveCfg = Debug|Any CPU
		{BDF9C9B4-460C-4CBC-99C6-AA2DDBA17B1D}.Debug|Any CPU.Build.0 = Debug|Any CPU
		{BDF9C9B4-460C-4CBC-99C6-AA2DDBA17B1D}.Release|Any CPU.ActiveCfg = Release|Any CPU
		{BDF9C9B4-460C-4CBC-99C6-AA2DDBA17B1D}.Release|Any CPU.Build.0 = Release|Any CPU
		{C649E2CA-13D6-44F6-B340-9D2ACAEE9A62}.Debug|Any CPU.ActiveCfg = Debug|Any CPU
		{C649E2CA-13D6-44F6-B340-9D2ACAEE9A62}.Debug|Any CPU.Build.0 = Debug|Any CPU
		{C649E2CA-13D6-44F6-B340-9D2ACAEE9A62}.Release|Any CPU.ActiveCfg = Release|Any CPU
		{C649E2CA-13D6-44F6-B340-9D2ACAEE9A62}.Release|Any CPU.Build.0 = Release|Any CPU
		{41CFF4EB-F52C-4716-BF6E-852EBD7748E8}.Debug|Any CPU.ActiveCfg = Debug|Any CPU
		{41CFF4EB-F52C-4716-BF6E-852EBD7748E8}.Debug|Any CPU.Build.0 = Debug|Any CPU
		{41CFF4EB-F52C-4716-BF6E-852EBD7748E8}.Release|Any CPU.ActiveCfg = Release|Any CPU
		{41CFF4EB-F52C-4716-BF6E-852EBD7748E8}.Release|Any CPU.Build.0 = Release|Any CPU
		{47E49B86-8A10-468B-9027-54FCD8C566DE}.Debug|Any CPU.ActiveCfg = Debug|Any CPU
		{47E49B86-8A10-468B-9027-54FCD8C566DE}.Debug|Any CPU.Build.0 = Debug|Any CPU
		{47E49B86-8A10-468B-9027-54FCD8C566DE}.Release|Any CPU.ActiveCfg = Release|Any CPU
		{47E49B86-8A10-468B-9027-54FCD8C566DE}.Release|Any CPU.Build.0 = Release|Any CPU
		{F74B7A78-0AB4-4006-B642-AF75359CE6C4}.Debug|Any CPU.ActiveCfg = Debug|Any CPU
		{F74B7A78-0AB4-4006-B642-AF75359CE6C4}.Debug|Any CPU.Build.0 = Debug|Any CPU
		{F74B7A78-0AB4-4006-B642-AF75359CE6C4}.Release|Any CPU.ActiveCfg = Release|Any CPU
		{F74B7A78-0AB4-4006-B642-AF75359CE6C4}.Release|Any CPU.Build.0 = Release|Any CPU
		{E7581C0E-12DB-4E09-8A74-28F71C2F6F47}.Debug|Any CPU.ActiveCfg = Debug|Any CPU
		{E7581C0E-12DB-4E09-8A74-28F71C2F6F47}.Debug|Any CPU.Build.0 = Debug|Any CPU
		{E7581C0E-12DB-4E09-8A74-28F71C2F6F47}.Release|Any CPU.ActiveCfg = Release|Any CPU
		{E7581C0E-12DB-4E09-8A74-28F71C2F6F47}.Release|Any CPU.Build.0 = Release|Any CPU
		{DF34035A-3217-405B-B92E-D9E2A2A76C9F}.Debug|Any CPU.ActiveCfg = Debug|Any CPU
		{DF34035A-3217-405B-B92E-D9E2A2A76C9F}.Debug|Any CPU.Build.0 = Debug|Any CPU
		{DF34035A-3217-405B-B92E-D9E2A2A76C9F}.Release|Any CPU.ActiveCfg = Release|Any CPU
		{DF34035A-3217-405B-B92E-D9E2A2A76C9F}.Release|Any CPU.Build.0 = Release|Any CPU
		{6CC9514B-84FB-4FC3-8F49-74464C7D04D7}.Debug|Any CPU.ActiveCfg = Debug|Any CPU
		{6CC9514B-84FB-4FC3-8F49-74464C7D04D7}.Debug|Any CPU.Build.0 = Debug|Any CPU
		{6CC9514B-84FB-4FC3-8F49-74464C7D04D7}.Release|Any CPU.ActiveCfg = Release|Any CPU
		{6CC9514B-84FB-4FC3-8F49-74464C7D04D7}.Release|Any CPU.Build.0 = Release|Any CPU
	EndGlobalSection
	GlobalSection(SolutionProperties) = preSolution
		HideSolutionNode = FALSE
	EndGlobalSection
	GlobalSection(NestedProjects) = preSolution
		{7CA567D9-F248-4D83-8BBF-3CEFEF9B4148} = {8D1CBF30-1E9B-45AD-941E-18AB1116D557}
		{D3A7D3F6-72B5-4A35-BCE3-6FF194CA2A79} = {60AA102E-C62A-4D67-8540-BA756B7B17FB}
		{49723866-6D66-4F52-9CC7-2DC2C8067D39} = {60AA102E-C62A-4D67-8540-BA756B7B17FB}
		{36060E1F-95E9-4B92-BF24-E46BD7ECB8B1} = {60AA102E-C62A-4D67-8540-BA756B7B17FB}
		{AA5DF22C-694A-4901-A1F2-103A584D8BAD} = {8D1CBF30-1E9B-45AD-941E-18AB1116D557}
		{95B75AED-F0D1-4876-9A83-4E22B8D9521D} = {8D1CBF30-1E9B-45AD-941E-18AB1116D557}
		{5BCD423A-B869-44AA-B8AB-D8EB5855A7FF} = {8D1CBF30-1E9B-45AD-941E-18AB1116D557}
		{BDF9C9B4-460C-4CBC-99C6-AA2DDBA17B1D} = {A1F17717-20D1-412B-8BF5-8578B67639FF}
		{C649E2CA-13D6-44F6-B340-9D2ACAEE9A62} = {A1F17717-20D1-412B-8BF5-8578B67639FF}
		{41CFF4EB-F52C-4716-BF6E-852EBD7748E8} = {A1F17717-20D1-412B-8BF5-8578B67639FF}
		{47E49B86-8A10-468B-9027-54FCD8C566DE} = {60AA102E-C62A-4D67-8540-BA756B7B17FB}
		{F74B7A78-0AB4-4006-B642-AF75359CE6C4} = {60AA102E-C62A-4D67-8540-BA756B7B17FB}
		{E7581C0E-12DB-4E09-8A74-28F71C2F6F47} = {8C7707A1-8A02-443D-8A21-E05457144F68}
		{DF34035A-3217-405B-B92E-D9E2A2A76C9F} = {8C7707A1-8A02-443D-8A21-E05457144F68}
		{6CC9514B-84FB-4FC3-8F49-74464C7D04D7} = {8C7707A1-8A02-443D-8A21-E05457144F68}
	EndGlobalSection
EndGlobal
