
Microsoft Visual Studio Solution File, Format Version 12.00
# Visual Studio 2013
VisualStudioVersion = 12.0.31101.0
MinimumVisualStudioVersion = 10.0.40219.1
Project("{FAE04EC0-301F-11D3-BF4B-00C04F79EFBC}") = "zad_2_-_Fluent_NHibernate", "zad_2\zad_2_-_Fluent_NHibernate.csproj", "{74CE30A6-169D-489B-AAC6-91063DBAA2E1}"
EndProject
Project("{FAE04EC0-301F-11D3-BF4B-00C04F79EFBC}") = "zad_3_-_CRUD_NHibernate", "zad_3_-_CRUD_NHibernate\zad_3_-_CRUD_NHibernate.csproj", "{E4CC89C0-C71F-4293-8741-AE6614FED36C}"
EndProject
Project("{FAE04EC0-301F-11D3-BF4B-00C04F79EFBC}") = "zad_3_-_bis", "zad_3_-_bis\zad_3_-_bis.csproj", "{E114FCE9-2F24-4291-A0F0-969909DECBD8}"
EndProject
Project("{2150E333-8FDC-42A3-9474-1A3956D46DE8}") = "Fluent NHibernate - relacje", "Fluent NHibernate - relacje", "{8D1CBF30-1E9B-45AD-941E-18AB1116D557}"
EndProject
Project("{FAE04EC0-301F-11D3-BF4B-00C04F79EFBC}") = "ManyToOne", "ManyToOne\ManyToOne.csproj", "{7CA567D9-F248-4D83-8BBF-3CEFEF9B4148}"
EndProject
Project("{2150E333-8FDC-42A3-9474-1A3956D46DE8}") = "zad 4 CRUD in MVC - Layers", "zad 4 CRUD in MVC - Layers", "{60AA102E-C62A-4D67-8540-BA756B7B17FB}"
EndProject
Project("{FAE04EC0-301F-11D3-BF4B-00C04F79EFBC}") = "MODEL", "MODEL\MODEL.csproj", "{D3A7D3F6-72B5-4A35-BCE3-6FF194CA2A79}"
EndProject
Project("{FAE04EC0-301F-11D3-BF4B-00C04F79EFBC}") = "SERVICES", "SERVICE\SERVICES.csproj", "{49723866-6D66-4F52-9CC7-2DC2C8067D39}"
EndProject
Project("{FAE04EC0-301F-11D3-BF4B-00C04F79EFBC}") = "UI.Web", "UI.Web\UI.Web.csproj", "{36060E1F-95E9-4B92-BF24-E46BD7ECB8B1}"
EndProject
Project("{FAE04EC0-301F-11D3-BF4B-00C04F79EFBC}") = "ManyToMany", "ManyToMany\ManyToMany.csproj", "{AA5DF22C-694A-4901-A1F2-103A584D8BAD}"
EndProject
Project("{FAE04EC0-301F-11D3-BF4B-00C04F79EFBC}") = "OneToOne(2)", "OneToOne(bis)\OneToOne(2).csproj", "{95B75AED-F0D1-4876-9A83-4E22B8D9521D}"
EndProject
Project("{FAE04EC0-301F-11D3-BF4B-00C04F79EFBC}") = "OneToOne(3)", "OneToOne(3)\OneToOne(3).csproj", "{5BCD423A-B869-44AA-B8AB-D8EB5855A7FF}"
EndProject
Global
	GlobalSection(SolutionConfigurationPlatforms) = preSolution
		Debug|Any CPU = Debug|Any CPU
		Release|Any CPU = Release|Any CPU
	EndGlobalSection
	GlobalSection(ProjectConfigurationPlatforms) = postSolution
		{74CE30A6-169D-489B-AAC6-91063DBAA2E1}.Debug|Any CPU.ActiveCfg = Debug|Any CPU
		{74CE30A6-169D-489B-AAC6-91063DBAA2E1}.Debug|Any CPU.Build.0 = Debug|Any CPU
		{74CE30A6-169D-489B-AAC6-91063DBAA2E1}.Release|Any CPU.ActiveCfg = Release|Any CPU
		{74CE30A6-169D-489B-AAC6-91063DBAA2E1}.Release|Any CPU.Build.0 = Release|Any CPU
		{E4CC89C0-C71F-4293-8741-AE6614FED36C}.Debug|Any CPU.ActiveCfg = Debug|Any CPU
		{E4CC89C0-C71F-4293-8741-AE6614FED36C}.Debug|Any CPU.Build.0 = Debug|Any CPU
		{E4CC89C0-C71F-4293-8741-AE6614FED36C}.Release|Any CPU.ActiveCfg = Release|Any CPU
		{E4CC89C0-C71F-4293-8741-AE6614FED36C}.Release|Any CPU.Build.0 = Release|Any CPU
		{E114FCE9-2F24-4291-A0F0-969909DECBD8}.Debug|Any CPU.ActiveCfg = Debug|Any CPU
		{E114FCE9-2F24-4291-A0F0-969909DECBD8}.Debug|Any CPU.Build.0 = Debug|Any CPU
		{E114FCE9-2F24-4291-A0F0-969909DECBD8}.Release|Any CPU.ActiveCfg = Release|Any CPU
		{E114FCE9-2F24-4291-A0F0-969909DECBD8}.Release|Any CPU.Build.0 = Release|Any CPU
		{7CA567D9-F248-4D83-8BBF-3CEFEF9B4148}.Debug|Any CPU.ActiveCfg = Debug|Any CPU
		{7CA567D9-F248-4D83-8BBF-3CEFEF9B4148}.Debug|Any CPU.Build.0 = Debug|Any CPU
		{7CA567D9-F248-4D83-8BBF-3CEFEF9B4148}.Release|Any CPU.ActiveCfg = Release|Any CPU
		{7CA567D9-F248-4D83-8BBF-3CEFEF9B4148}.Release|Any CPU.Build.0 = Release|Any CPU
		{D3A7D3F6-72B5-4A35-BCE3-6FF194CA2A79}.Debug|Any CPU.ActiveCfg = Debug|Any CPU
		{D3A7D3F6-72B5-4A35-BCE3-6FF194CA2A79}.Debug|Any CPU.Build.0 = Debug|Any CPU
		{D3A7D3F6-72B5-4A35-BCE3-6FF194CA2A79}.Release|Any CPU.ActiveCfg = Release|Any CPU
		{D3A7D3F6-72B5-4A35-BCE3-6FF194CA2A79}.Release|Any CPU.Build.0 = Release|Any CPU
		{49723866-6D66-4F52-9CC7-2DC2C8067D39}.Debug|Any CPU.ActiveCfg = Debug|Any CPU
		{49723866-6D66-4F52-9CC7-2DC2C8067D39}.Debug|Any CPU.Build.0 = Debug|Any CPU
		{49723866-6D66-4F52-9CC7-2DC2C8067D39}.Release|Any CPU.ActiveCfg = Release|Any CPU
		{49723866-6D66-4F52-9CC7-2DC2C8067D39}.Release|Any CPU.Build.0 = Release|Any CPU
		{36060E1F-95E9-4B92-BF24-E46BD7ECB8B1}.Debug|Any CPU.ActiveCfg = Debug|Any CPU
		{36060E1F-95E9-4B92-BF24-E46BD7ECB8B1}.Debug|Any CPU.Build.0 = Debug|Any CPU
		{36060E1F-95E9-4B92-BF24-E46BD7ECB8B1}.Release|Any CPU.ActiveCfg = Release|Any CPU
		{36060E1F-95E9-4B92-BF24-E46BD7ECB8B1}.Release|Any CPU.Build.0 = Release|Any CPU
		{AA5DF22C-694A-4901-A1F2-103A584D8BAD}.Debug|Any CPU.ActiveCfg = Debug|Any CPU
		{AA5DF22C-694A-4901-A1F2-103A584D8BAD}.Debug|Any CPU.Build.0 = Debug|Any CPU
		{AA5DF22C-694A-4901-A1F2-103A584D8BAD}.Release|Any CPU.ActiveCfg = Release|Any CPU
		{AA5DF22C-694A-4901-A1F2-103A584D8BAD}.Release|Any CPU.Build.0 = Release|Any CPU
		{95B75AED-F0D1-4876-9A83-4E22B8D9521D}.Debug|Any CPU.ActiveCfg = Debug|Any CPU
		{95B75AED-F0D1-4876-9A83-4E22B8D9521D}.Debug|Any CPU.Build.0 = Debug|Any CPU
		{95B75AED-F0D1-4876-9A83-4E22B8D9521D}.Release|Any CPU.ActiveCfg = Release|Any CPU
		{95B75AED-F0D1-4876-9A83-4E22B8D9521D}.Release|Any CPU.Build.0 = Release|Any CPU
		{5BCD423A-B869-44AA-B8AB-D8EB5855A7FF}.Debug|Any CPU.ActiveCfg = Debug|Any CPU
		{5BCD423A-B869-44AA-B8AB-D8EB5855A7FF}.Debug|Any CPU.Build.0 = Debug|Any CPU
		{5BCD423A-B869-44AA-B8AB-D8EB5855A7FF}.Release|Any CPU.ActiveCfg = Release|Any CPU
		{5BCD423A-B869-44AA-B8AB-D8EB5855A7FF}.Release|Any CPU.Build.0 = Release|Any CPU
	EndGlobalSection
	GlobalSection(SolutionProperties) = preSolution
		HideSolutionNode = FALSE
	EndGlobalSection
	GlobalSection(NestedProjects) = preSolution
		{7CA567D9-F248-4D83-8BBF-3CEFEF9B4148} = {8D1CBF30-1E9B-45AD-941E-18AB1116D557}
		{D3A7D3F6-72B5-4A35-BCE3-6FF194CA2A79} = {60AA102E-C62A-4D67-8540-BA756B7B17FB}
		{49723866-6D66-4F52-9CC7-2DC2C8067D39} = {60AA102E-C62A-4D67-8540-BA756B7B17FB}
		{36060E1F-95E9-4B92-BF24-E46BD7ECB8B1} = {60AA102E-C62A-4D67-8540-BA756B7B17FB}
		{AA5DF22C-694A-4901-A1F2-103A584D8BAD} = {8D1CBF30-1E9B-45AD-941E-18AB1116D557}
		{95B75AED-F0D1-4876-9A83-4E22B8D9521D} = {8D1CBF30-1E9B-45AD-941E-18AB1116D557}
		{5BCD423A-B869-44AA-B8AB-D8EB5855A7FF} = {8D1CBF30-1E9B-45AD-941E-18AB1116D557}
	EndGlobalSection
EndGlobal
